# This is a Gradle generated file for dependency locking.
# Manual edits can break the build and are not advised.
# This file is expected to be part of source control.
androidx.activity:activity:1.8.1=debugCompileClasspath,debugRuntimeClasspath,releaseCompileClasspath,releaseRuntimeClasspath
androidx.annotation:annotation-experimental:1.4.0=debugCompileClasspath,debugRuntimeClasspath,releaseCompileClasspath,releaseRuntimeClasspath
androidx.annotation:annotation-jvm:1.6.0=debugCompileClasspath,debugRuntimeClasspath,releaseCompileClasspath,releaseRuntimeClasspath
androidx.annotation:annotation:1.6.0=debugCompileClasspath,debugRuntimeClasspath,releaseCompileClasspath,releaseRuntimeClasspath
androidx.appcompat:appcompat-resources:1.7.1=debugCompileClasspath,debugRuntimeClasspath,releaseCompileClasspath,releaseRuntimeClasspath
androidx.appcompat:appcompat:1.7.1=debugCompileClasspath,debugRuntimeClasspath,releaseCompileClasspath,releaseRuntimeClasspath
androidx.arch.core:core-common:2.2.0=debugCompileClasspath,debugRuntimeClasspath,releaseCompileClasspath,releaseRuntimeClasspath
androidx.arch.core:core-runtime:2.2.0=debugCompileClasspath,debugRuntimeClasspath,releaseCompileClasspath,releaseRuntimeClasspath
androidx.cardview:cardview:1.0.0=debugCompileClasspath,debugRuntimeClasspath
androidx.collection:collection:1.1.0=debugCompileClasspath,debugRuntimeClasspath,releaseCompileClasspath,releaseRuntimeClasspath
androidx.concurrent:concurrent-futures:1.1.0=debugRuntimeClasspath,releaseRuntimeClasspath
androidx.constraintlayout:constraintlayout-solver:2.0.1=debugCompileClasspath,debugRuntimeClasspath
androidx.constraintlayout:constraintlayout:2.0.1=debugCompileClasspath,debugRuntimeClasspath
androidx.coordinatorlayout:coordinatorlayout:1.1.0=debugCompileClasspath,debugRuntimeClasspath
androidx.core:core-ktx:1.13.1=debugCompileClasspath,debugRuntimeClasspath,releaseCompileClasspath,releaseRuntimeClasspath
androidx.core:core:1.13.1=debugCompileClasspath,debugRuntimeClasspath,releaseCompileClasspath,releaseRuntimeClasspath
androidx.cursoradapter:cursoradapter:1.0.0=debugCompileClasspath,debugRuntimeClasspath,releaseCompileClasspath,releaseRuntimeClasspath
androidx.customview:customview:1.0.0=releaseCompileClasspath,releaseRuntimeClasspath
androidx.customview:customview:1.1.0=debugCompileClasspath,debugRuntimeClasspath
androidx.documentfile:documentfile:1.0.0=debugCompileClasspath,debugRuntimeClasspath,releaseRuntimeClasspath
androidx.drawerlayout:drawerlayout:1.0.0=releaseCompileClasspath,releaseRuntimeClasspath
androidx.drawerlayout:drawerlayout:1.1.1=debugCompileClasspath,debugRuntimeClasspath
androidx.dynamicanimation:dynamicanimation:1.0.0=debugCompileClasspath,debugRuntimeClasspath,releaseRuntimeClasspath
androidx.emoji2:emoji2-views-helper:1.3.0=debugRuntimeClasspath,releaseRuntimeClasspath
androidx.emoji2:emoji2:1.3.0=debugRuntimeClasspath,releaseRuntimeClasspath
androidx.exifinterface:exifinterface:1.3.7=debugCompileClasspath,debugRuntimeClasspath,releaseCompileClasspath,releaseRuntimeClasspath
androidx.fragment:fragment:1.8.5=debugCompileClasspath,debugRuntimeClasspath,releaseCompileClasspath,releaseRuntimeClasspath
androidx.interpolator:interpolator:1.0.0=debugCompileClasspath,debugRuntimeClasspath,releaseCompileClasspath,releaseRuntimeClasspath
androidx.legacy:legacy-support-core-utils:1.0.0=debugCompileClasspath,debugRuntimeClasspath,releaseRuntimeClasspath
androidx.lifecycle:lifecycle-common:2.6.2=debugCompileClasspath,debugRuntimeClasspath,releaseCompileClasspath,releaseRuntimeClasspath
androidx.lifecycle:lifecycle-livedata-core:2.6.2=debugCompileClasspath,debugRuntimeClasspath,releaseCompileClasspath,releaseRuntimeClasspath
androidx.lifecycle:lifecycle-livedata:2.6.2=debugCompileClasspath,debugRuntimeClasspath,releaseCompileClasspath,releaseRuntimeClasspath
androidx.lifecycle:lifecycle-process:2.6.2=debugRuntimeClasspath,releaseRuntimeClasspath
androidx.lifecycle:lifecycle-runtime:2.6.2=debugCompileClasspath,debugRuntimeClasspath,releaseCompileClasspath,releaseRuntimeClasspath
androidx.lifecycle:lifecycle-viewmodel-savedstate:2.6.2=debugCompileClasspath,debugRuntimeClasspath,releaseCompileClasspath,releaseRuntimeClasspath
androidx.lifecycle:lifecycle-viewmodel:2.6.2=debugCompileClasspath,debugRuntimeClasspath,releaseCompileClasspath,releaseRuntimeClasspath
androidx.loader:loader:1.0.0=debugCompileClasspath,debugRuntimeClasspath,releaseCompileClasspath,releaseRuntimeClasspath
androidx.localbroadcastmanager:localbroadcastmanager:1.0.0=debugCompileClasspath,debugRuntimeClasspath,releaseRuntimeClasspath
androidx.multidex:multidex:2.0.1=debugCompileClasspath,debugRuntimeClasspath,releaseCompileClasspath,releaseRuntimeClasspath
androidx.print:print:1.0.0=debugCompileClasspath,debugRuntimeClasspath,releaseRuntimeClasspath
androidx.profileinstaller:profileinstaller:1.3.1=debugRuntimeClasspath,releaseRuntimeClasspath
androidx.recyclerview:recyclerview:1.1.0=debugCompileClasspath,debugRuntimeClasspath,releaseCompileClasspath,releaseRuntimeClasspath
androidx.resourceinspection:resourceinspection-annotation:1.0.1=debugRuntimeClasspath,releaseRuntimeClasspath
androidx.savedstate:savedstate:1.2.1=debugCompileClasspath,debugRuntimeClasspath,releaseCompileClasspath,releaseRuntimeClasspath
androidx.startup:startup-runtime:1.1.1=debugRuntimeClasspath,releaseRuntimeClasspath
androidx.tracing:tracing:1.0.0=debugRuntimeClasspath,releaseRuntimeClasspath
androidx.transition:transition:1.5.1=debugCompileClasspath,debugRuntimeClasspath,releaseCompileClasspath,releaseRuntimeClasspath
androidx.vectordrawable:vectordrawable-animated:1.1.0=debugCompileClasspath,debugRuntimeClasspath,releaseCompileClasspath,releaseRuntimeClasspath
androidx.vectordrawable:vectordrawable:1.1.0=debugCompileClasspath,debugRuntimeClasspath,releaseCompileClasspath,releaseRuntimeClasspath
androidx.versionedparcelable:versionedparcelable:1.1.1=debugCompileClasspath,debugRuntimeClasspath,releaseCompileClasspath,releaseRuntimeClasspath
androidx.viewpager2:viewpager2:1.0.0=debugCompileClasspath,debugRuntimeClasspath,releaseCompileClasspath,releaseRuntimeClasspath
androidx.viewpager:viewpager:1.0.0=debugCompileClasspath,debugRuntimeClasspath,releaseCompileClasspath,releaseRuntimeClasspath
com.google.android.material:material:1.8.0=debugCompileClasspath,debugRuntimeClasspath
com.google.errorprone:error_prone_annotations:2.15.0=debugRuntimeClasspath
com.google.guava:listenablefuture:1.0=debugRuntimeClasspath,releaseRuntimeClasspath
org.jetbrains.kotlin:kotlin-parcelize-runtime:2.2.20=debugCompileClasspath,debugRuntimeClasspath,releaseCompileClasspath,releaseRuntimeClasspath
org.jetbrains.kotlin:kotlin-stdlib-common:2.2.20=debugCompileClasspath,debugRuntimeClasspath,releaseCompileClasspath,releaseRuntimeClasspath
org.jetbrains.kotlin:kotlin-stdlib-jdk7:1.8.20=debugCompileClasspath,debugRuntimeClasspath,releaseCompileClasspath,releaseRuntimeClasspath
org.jetbrains.kotlin:kotlin-stdlib-jdk8:1.8.20=debugCompileClasspath,debugRuntimeClasspath,releaseCompileClasspath,releaseRuntimeClasspath
org.jetbrains.kotlin:kotlin-stdlib:2.2.20=debugCompileClasspath,debugRuntimeClasspath,releaseCompileClasspath,releaseRuntimeClasspath
org.jetbrains.kotlinx:kotlinx-coroutines-android:1.6.4=debugCompileClasspath,debugRuntimeClasspath,releaseCompileClasspath,releaseRuntimeClasspath
org.jetbrains.kotlinx:kotlinx-coroutines-bom:1.6.4=debugCompileClasspath,debugRuntimeClasspath,releaseCompileClasspath,releaseRuntimeClasspath
org.jetbrains.kotlinx:kotlinx-coroutines-core-jvm:1.6.4=debugCompileClasspath,debugRuntimeClasspath,releaseCompileClasspath,releaseRuntimeClasspath
org.jetbrains.kotlinx:kotlinx-coroutines-core:1.6.4=debugCompileClasspath,debugRuntimeClasspath,releaseCompileClasspath,releaseRuntimeClasspath
org.jetbrains:annotations:13.0=debugCompileClasspath,debugRuntimeClasspath,releaseCompileClasspath,releaseRuntimeClasspath
org.nativescript:fontmanager:1.0.9=debugCompileClasspath,debugRuntimeClasspath,releaseCompileClasspath,releaseRuntimeClasspath
empty=
